// !$*UTF8*$!
{
	archiveVersion = 1;
	classes = {
	};
	objectVersion = 55;
	objects = {

/* Begin PBXBuildFile section */
		8B9E023528A7FB1900DC639D /* AppDelegate.swift in Sources */ = {isa = PBXBuildFile; fileRef = 8B9E023428A7FB1900DC639D /* AppDelegate.swift */; };
		8B9E023E28A7FB1A00DC639D /* Assets.xcassets in Resources */ = {isa = PBXBuildFile; fileRef = 8B9E023D28A7FB1A00DC639D /* Assets.xcassets */; };
		8B9E024128A7FB1A00DC639D /* LaunchScreen.storyboard in Resources */ = {isa = PBXBuildFile; fileRef = 8B9E023F28A7FB1A00DC639D /* LaunchScreen.storyboard */; };
		8B9E026B28A7FB8C00DC639D /* DetailViewModel.swift in Sources */ = {isa = PBXBuildFile; fileRef = 8B9E024B28A7FB8C00DC639D /* DetailViewModel.swift */; };
		8B9E026C28A7FB8C00DC639D /* URLManager.swift in Sources */ = {isa = PBXBuildFile; fileRef = 8B9E024D28A7FB8C00DC639D /* URLManager.swift */; };
		8B9E026D28A7FB8C00DC639D /* DataSource.swift in Sources */ = {isa = PBXBuildFile; fileRef = 8B9E024E28A7FB8C00DC639D /* DataSource.swift */; };
		8B9E026E28A7FB8C00DC639D /* ChartViewStyle.swift in Sources */ = {isa = PBXBuildFile; fileRef = 8B9E025028A7FB8C00DC639D /* ChartViewStyle.swift */; };
		8B9E026F28A7FB8C00DC639D /* ChartCandle.swift in Sources */ = {isa = PBXBuildFile; fileRef = 8B9E025128A7FB8C00DC639D /* ChartCandle.swift */; };
		8B9E027028A7FB8C00DC639D /* ChartStock.swift in Sources */ = {isa = PBXBuildFile; fileRef = 8B9E025228A7FB8C00DC639D /* ChartStock.swift */; };
		8B9E027128A7FB8C00DC639D /* ChartTimeframe.swift in Sources */ = {isa = PBXBuildFile; fileRef = 8B9E025328A7FB8C00DC639D /* ChartTimeframe.swift */; };
		8B9E027228A7FB8C00DC639D /* UIViewController + Ext.swift in Sources */ = {isa = PBXBuildFile; fileRef = 8B9E025528A7FB8C00DC639D /* UIViewController + Ext.swift */; };
		8B9E027328A7FB8C00DC639D /* JSONDecoder + Ext.swift in Sources */ = {isa = PBXBuildFile; fileRef = 8B9E025628A7FB8C00DC639D /* JSONDecoder + Ext.swift */; };
		8B9E027428A7FB8C00DC639D /* ChartCandle + Ext.swift in Sources */ = {isa = PBXBuildFile; fileRef = 8B9E025728A7FB8C00DC639D /* ChartCandle + Ext.swift */; };
		8B9E027528A7FB8C00DC639D /* UIView + Ext.swift in Sources */ = {isa = PBXBuildFile; fileRef = 8B9E025828A7FB8C00DC639D /* UIView + Ext.swift */; };
		8B9E027628A7FB8C00DC639D /* URL + Ext.swift in Sources */ = {isa = PBXBuildFile; fileRef = 8B9E025928A7FB8C00DC639D /* URL + Ext.swift */; };
		8B9E027728A7FB8C00DC639D /* DetailViewController.swift in Sources */ = {isa = PBXBuildFile; fileRef = 8B9E025B28A7FB8C00DC639D /* DetailViewController.swift */; };
		8B9E027828A7FB8C00DC639D /* DetailViewController + Delegate.swift in Sources */ = {isa = PBXBuildFile; fileRef = 8B9E025D28A7FB8C00DC639D /* DetailViewController + Delegate.swift */; };
		8B9E027928A7FB8C00DC639D /* DetailViewController + DataSource.swift in Sources */ = {isa = PBXBuildFile; fileRef = 8B9E025E28A7FB8C00DC639D /* DetailViewController + DataSource.swift */; };
		8B9E027A28A7FB8C00DC639D /* Constants.swift in Sources */ = {isa = PBXBuildFile; fileRef = 8B9E026028A7FB8C00DC639D /* Constants.swift */; };
		8B9E027B28A7FB8C00DC639D /* ChartDataSourceConverter.swift in Sources */ = {isa = PBXBuildFile; fileRef = 8B9E026128A7FB8C00DC639D /* ChartDataSourceConverter.swift */; };
		8B9E027C28A7FB8C00DC639D /* InfoTableViewCell.swift in Sources */ = {isa = PBXBuildFile; fileRef = 8B9E026428A7FB8C00DC639D /* InfoTableViewCell.swift */; };
		8B9E027D28A7FB8C00DC639D /* ChartView.swift in Sources */ = {isa = PBXBuildFile; fileRef = 8B9E026628A7FB8C00DC639D /* ChartView.swift */; };
		8B9E027E28A7FB8C00DC639D /* LoadingViewController.swift in Sources */ = {isa = PBXBuildFile; fileRef = 8B9E026828A7FB8C00DC639D /* LoadingViewController.swift */; };
		8B9E027F28A7FB8C00DC639D /* CandleView.swift in Sources */ = {isa = PBXBuildFile; fileRef = 8B9E026A28A7FB8C00DC639D /* CandleView.swift */; };
		8B9E028328A7FC3A00DC639D /* NetworkingManager.swift in Sources */ = {isa = PBXBuildFile; fileRef = 8B9E028128A7FC3A00DC639D /* NetworkingManager.swift */; };
		8B9E028428A7FC3A00DC639D /* ApiKeys.plist in Resources */ = {isa = PBXBuildFile; fileRef = 8B9E028228A7FC3A00DC639D /* ApiKeys.plist */; };
/* End PBXBuildFile section */

/* Begin PBXFileReference section */
		8B9E023128A7FB1900DC639D /* Chart Example.app */ = {isa = PBXFileReference; explicitFileType = wrapper.application; includeInIndex = 0; path = "Chart Example.app"; sourceTree = BUILT_PRODUCTS_DIR; };
		8B9E023428A7FB1900DC639D /* AppDelegate.swift */ = {isa = PBXFileReference; lastKnownFileType = sourcecode.swift; path = AppDelegate.swift; sourceTree = "<group>"; };
		8B9E023D28A7FB1A00DC639D /* Assets.xcassets */ = {isa = PBXFileReference; lastKnownFileType = folder.assetcatalog; path = Assets.xcassets; sourceTree = "<group>"; };
		8B9E024028A7FB1A00DC639D /* Base */ = {isa = PBXFileReference; lastKnownFileType = file.storyboard; name = Base; path = Base.lproj/LaunchScreen.storyboard; sourceTree = "<group>"; };
		8B9E024228A7FB1A00DC639D /* Info.plist */ = {isa = PBXFileReference; lastKnownFileType = text.plist.xml; path = Info.plist; sourceTree = "<group>"; };
		8B9E024B28A7FB8C00DC639D /* DetailViewModel.swift */ = {isa = PBXFileReference; fileEncoding = 4; lastKnownFileType = sourcecode.swift; path = DetailViewModel.swift; sourceTree = "<group>"; };
		8B9E024D28A7FB8C00DC639D /* URLManager.swift */ = {isa = PBXFileReference; fileEncoding = 4; lastKnownFileType = sourcecode.swift; path = URLManager.swift; sourceTree = "<group>"; };
		8B9E024E28A7FB8C00DC639D /* DataSource.swift */ = {isa = PBXFileReference; fileEncoding = 4; lastKnownFileType = sourcecode.swift; path = DataSource.swift; sourceTree = "<group>"; };
		8B9E025028A7FB8C00DC639D /* ChartViewStyle.swift */ = {isa = PBXFileReference; fileEncoding = 4; lastKnownFileType = sourcecode.swift; path = ChartViewStyle.swift; sourceTree = "<group>"; };
		8B9E025128A7FB8C00DC639D /* ChartCandle.swift */ = {isa = PBXFileReference; fileEncoding = 4; lastKnownFileType = sourcecode.swift; path = ChartCandle.swift; sourceTree = "<group>"; };
		8B9E025228A7FB8C00DC639D /* ChartStock.swift */ = {isa = PBXFileReference; fileEncoding = 4; lastKnownFileType = sourcecode.swift; path = ChartStock.swift; sourceTree = "<group>"; };
		8B9E025328A7FB8C00DC639D /* ChartTimeframe.swift */ = {isa = PBXFileReference; fileEncoding = 4; lastKnownFileType = sourcecode.swift; path = ChartTimeframe.swift; sourceTree = "<group>"; };
		8B9E025528A7FB8C00DC639D /* UIViewController + Ext.swift */ = {isa = PBXFileReference; fileEncoding = 4; lastKnownFileType = sourcecode.swift; path = "UIViewController + Ext.swift"; sourceTree = "<group>"; };
		8B9E025628A7FB8C00DC639D /* JSONDecoder + Ext.swift */ = {isa = PBXFileReference; fileEncoding = 4; lastKnownFileType = sourcecode.swift; path = "JSONDecoder + Ext.swift"; sourceTree = "<group>"; };
		8B9E025728A7FB8C00DC639D /* ChartCandle + Ext.swift */ = {isa = PBXFileReference; fileEncoding = 4; lastKnownFileType = sourcecode.swift; path = "ChartCandle + Ext.swift"; sourceTree = "<group>"; };
		8B9E025828A7FB8C00DC639D /* UIView + Ext.swift */ = {isa = PBXFileReference; fileEncoding = 4; lastKnownFileType = sourcecode.swift; path = "UIView + Ext.swift"; sourceTree = "<group>"; };
		8B9E025928A7FB8C00DC639D /* URL + Ext.swift */ = {isa = PBXFileReference; fileEncoding = 4; lastKnownFileType = sourcecode.swift; path = "URL + Ext.swift"; sourceTree = "<group>"; };
		8B9E025B28A7FB8C00DC639D /* DetailViewController.swift */ = {isa = PBXFileReference; fileEncoding = 4; lastKnownFileType = sourcecode.swift; path = DetailViewController.swift; sourceTree = "<group>"; };
		8B9E025D28A7FB8C00DC639D /* DetailViewController + Delegate.swift */ = {isa = PBXFileReference; fileEncoding = 4; lastKnownFileType = sourcecode.swift; path = "DetailViewController + Delegate.swift"; sourceTree = "<group>"; };
		8B9E025E28A7FB8C00DC639D /* DetailViewController + DataSource.swift */ = {isa = PBXFileReference; fileEncoding = 4; lastKnownFileType = sourcecode.swift; path = "DetailViewController + DataSource.swift"; sourceTree = "<group>"; };
		8B9E026028A7FB8C00DC639D /* Constants.swift */ = {isa = PBXFileReference; fileEncoding = 4; lastKnownFileType = sourcecode.swift; path = Constants.swift; sourceTree = "<group>"; };
		8B9E026128A7FB8C00DC639D /* ChartDataSourceConverter.swift */ = {isa = PBXFileReference; fileEncoding = 4; lastKnownFileType = sourcecode.swift; path = ChartDataSourceConverter.swift; sourceTree = "<group>"; };
		8B9E026428A7FB8C00DC639D /* InfoTableViewCell.swift */ = {isa = PBXFileReference; fileEncoding = 4; lastKnownFileType = sourcecode.swift; path = InfoTableViewCell.swift; sourceTree = "<group>"; };
		8B9E026628A7FB8C00DC639D /* ChartView.swift */ = {isa = PBXFileReference; fileEncoding = 4; lastKnownFileType = sourcecode.swift; path = ChartView.swift; sourceTree = "<group>"; };
		8B9E026828A7FB8C00DC639D /* LoadingViewController.swift */ = {isa = PBXFileReference; fileEncoding = 4; lastKnownFileType = sourcecode.swift; path = LoadingViewController.swift; sourceTree = "<group>"; };
		8B9E026A28A7FB8C00DC639D /* CandleView.swift */ = {isa = PBXFileReference; fileEncoding = 4; lastKnownFileType = sourcecode.swift; path = CandleView.swift; sourceTree = "<group>"; };
		8B9E028128A7FC3A00DC639D /* NetworkingManager.swift */ = {isa = PBXFileReference; fileEncoding = 4; lastKnownFileType = sourcecode.swift; path = NetworkingManager.swift; sourceTree = "<group>"; };
		8B9E028228A7FC3A00DC639D /* ApiKeys.plist */ = {isa = PBXFileReference; fileEncoding = 4; lastKnownFileType = text.plist.xml; path = ApiKeys.plist; sourceTree = "<group>"; };
/* End PBXFileReference section */

/* Begin PBXFrameworksBuildPhase section */
		8B9E022E28A7FB1900DC639D /* Frameworks */ = {
			isa = PBXFrameworksBuildPhase;
			buildActionMask = 2147483647;
			files = (
			);
			runOnlyForDeploymentPostprocessing = 0;
		};
/* End PBXFrameworksBuildPhase section */

/* Begin PBXGroup section */
		8B9E022828A7FB1900DC639D = {
			isa = PBXGroup;
			children = (
				8B9E023328A7FB1900DC639D /* Chart Example */,
				8B9E023228A7FB1900DC639D /* Products */,
			);
			sourceTree = "<group>";
		};
		8B9E023228A7FB1900DC639D /* Products */ = {
			isa = PBXGroup;
			children = (
				8B9E023128A7FB1900DC639D /* Chart Example.app */,
			);
			name = Products;
			sourceTree = "<group>";
		};
		8B9E023328A7FB1900DC639D /* Chart Example */ = {
			isa = PBXGroup;
			children = (
				8B9E028028A7FC3A00DC639D /* Networking */,
				8B9E024828A7FB7F00DC639D /* Screen */,
				8B9E023428A7FB1900DC639D /* AppDelegate.swift */,
				8B9E023D28A7FB1A00DC639D /* Assets.xcassets */,
				8B9E023F28A7FB1A00DC639D /* LaunchScreen.storyboard */,
				8B9E024228A7FB1A00DC639D /* Info.plist */,
			);
			path = "Chart Example";
			sourceTree = "<group>";
		};
		8B9E024828A7FB7F00DC639D /* Screen */ = {
			isa = PBXGroup;
			children = (
				8B9E024928A7FB8C00DC639D /* DetailModule */,
			);
			path = Screen;
			sourceTree = "<group>";
		};
		8B9E024928A7FB8C00DC639D /* DetailModule */ = {
			isa = PBXGroup;
			children = (
				8B9E024A28A7FB8C00DC639D /* ViewModel */,
				8B9E024C28A7FB8C00DC639D /* Managers */,
				8B9E024F28A7FB8C00DC639D /* Local Models */,
				8B9E025428A7FB8C00DC639D /* Extensions */,
				8B9E025A28A7FB8C00DC639D /* View */,
				8B9E025F28A7FB8C00DC639D /* Helpers */,
				8B9E026228A7FB8C00DC639D /* Custom Views */,
			);
			path = DetailModule;
			sourceTree = "<group>";
		};
		8B9E024A28A7FB8C00DC639D /* ViewModel */ = {
			isa = PBXGroup;
			children = (
				8B9E024B28A7FB8C00DC639D /* DetailViewModel.swift */,
			);
			path = ViewModel;
			sourceTree = "<group>";
		};
		8B9E024C28A7FB8C00DC639D /* Managers */ = {
			isa = PBXGroup;
			children = (
				8B9E024D28A7FB8C00DC639D /* URLManager.swift */,
				8B9E024E28A7FB8C00DC639D /* DataSource.swift */,
			);
			path = Managers;
			sourceTree = "<group>";
		};
		8B9E024F28A7FB8C00DC639D /* Local Models */ = {
			isa = PBXGroup;
			children = (
				8B9E025028A7FB8C00DC639D /* ChartViewStyle.swift */,
				8B9E025128A7FB8C00DC639D /* ChartCandle.swift */,
				8B9E025228A7FB8C00DC639D /* ChartStock.swift */,
				8B9E025328A7FB8C00DC639D /* ChartTimeframe.swift */,
			);
			path = "Local Models";
			sourceTree = "<group>";
		};
		8B9E025428A7FB8C00DC639D /* Extensions */ = {
			isa = PBXGroup;
			children = (
				8B9E025528A7FB8C00DC639D /* UIViewController + Ext.swift */,
				8B9E025628A7FB8C00DC639D /* JSONDecoder + Ext.swift */,
				8B9E025728A7FB8C00DC639D /* ChartCandle + Ext.swift */,
				8B9E025828A7FB8C00DC639D /* UIView + Ext.swift */,
				8B9E025928A7FB8C00DC639D /* URL + Ext.swift */,
			);
			path = Extensions;
			sourceTree = "<group>";
		};
		8B9E025A28A7FB8C00DC639D /* View */ = {
			isa = PBXGroup;
			children = (
				8B9E025B28A7FB8C00DC639D /* DetailViewController.swift */,
				8B9E025C28A7FB8C00DC639D /* DetailViewController + Ext */,
			);
			path = View;
			sourceTree = "<group>";
		};
		8B9E025C28A7FB8C00DC639D /* DetailViewController + Ext */ = {
			isa = PBXGroup;
			children = (
				8B9E025D28A7FB8C00DC639D /* DetailViewController + Delegate.swift */,
				8B9E025E28A7FB8C00DC639D /* DetailViewController + DataSource.swift */,
			);
			path = "DetailViewController + Ext";
			sourceTree = "<group>";
		};
		8B9E025F28A7FB8C00DC639D /* Helpers */ = {
			isa = PBXGroup;
			children = (
				8B9E026028A7FB8C00DC639D /* Constants.swift */,
				8B9E026128A7FB8C00DC639D /* ChartDataSourceConverter.swift */,
			);
			path = Helpers;
			sourceTree = "<group>";
		};
		8B9E026228A7FB8C00DC639D /* Custom Views */ = {
			isa = PBXGroup;
			children = (
				8B9E026328A7FB8C00DC639D /* Cells */,
				8B9E026528A7FB8C00DC639D /* Charts */,
				8B9E026728A7FB8C00DC639D /* ViewControllers */,
				8B9E026928A7FB8C00DC639D /* Candles */,
			);
			path = "Custom Views";
			sourceTree = "<group>";
		};
		8B9E026328A7FB8C00DC639D /* Cells */ = {
			isa = PBXGroup;
			children = (
				8B9E026428A7FB8C00DC639D /* InfoTableViewCell.swift */,
			);
			path = Cells;
			sourceTree = "<group>";
		};
		8B9E026528A7FB8C00DC639D /* Charts */ = {
			isa = PBXGroup;
			children = (
				8B9E026628A7FB8C00DC639D /* ChartView.swift */,
			);
			path = Charts;
			sourceTree = "<group>";
		};
		8B9E026728A7FB8C00DC639D /* ViewControllers */ = {
			isa = PBXGroup;
			children = (
				8B9E026828A7FB8C00DC639D /* LoadingViewController.swift */,
			);
			path = ViewControllers;
			sourceTree = "<group>";
		};
		8B9E026928A7FB8C00DC639D /* Candles */ = {
			isa = PBXGroup;
			children = (
				8B9E026A28A7FB8C00DC639D /* CandleView.swift */,
			);
			path = Candles;
			sourceTree = "<group>";
		};
		8B9E028028A7FC3A00DC639D /* Networking */ = {
			isa = PBXGroup;
			children = (
				8B9E028128A7FC3A00DC639D /* NetworkingManager.swift */,
				8B9E028228A7FC3A00DC639D /* ApiKeys.plist */,
			);
			path = Networking;
			sourceTree = "<group>";
		};
/* End PBXGroup section */

/* Begin PBXNativeTarget section */
		8B9E023028A7FB1900DC639D /* Chart Example */ = {
			isa = PBXNativeTarget;
			buildConfigurationList = 8B9E024528A7FB1A00DC639D /* Build configuration list for PBXNativeTarget "Chart Example" */;
			buildPhases = (
				8B9E022D28A7FB1900DC639D /* Sources */,
				8B9E022E28A7FB1900DC639D /* Frameworks */,
				8B9E022F28A7FB1900DC639D /* Resources */,
			);
			buildRules = (
			);
			dependencies = (
			);
			name = "Chart Example";
			productName = "Chart Example";
			productReference = 8B9E023128A7FB1900DC639D /* Chart Example.app */;
			productType = "com.apple.product-type.application";
		};
/* End PBXNativeTarget section */

/* Begin PBXProject section */
		8B9E022928A7FB1900DC639D /* Project object */ = {
			isa = PBXProject;
			attributes = {
				BuildIndependentTargetsInParallel = 1;
				LastSwiftUpdateCheck = 1340;
				LastUpgradeCheck = 1340;
				TargetAttributes = {
					8B9E023028A7FB1900DC639D = {
						CreatedOnToolsVersion = 13.4.1;
					};
				};
			};
			buildConfigurationList = 8B9E022C28A7FB1900DC639D /* Build configuration list for PBXProject "Chart Example" */;
			compatibilityVersion = "Xcode 13.0";
			developmentRegion = en;
			hasScannedForEncodings = 0;
			knownRegions = (
				en,
				Base,
			);
			mainGroup = 8B9E022828A7FB1900DC639D;
			productRefGroup = 8B9E023228A7FB1900DC639D /* Products */;
			projectDirPath = "";
			projectRoot = "";
			targets = (
				8B9E023028A7FB1900DC639D /* Chart Example */,
			);
		};
/* End PBXProject section */

/* Begin PBXResourcesBuildPhase section */
		8B9E022F28A7FB1900DC639D /* Resources */ = {
			isa = PBXResourcesBuildPhase;
			buildActionMask = 2147483647;
			files = (
				8B9E024128A7FB1A00DC639D /* LaunchScreen.storyboard in Resources */,
				8B9E023E28A7FB1A00DC639D /* Assets.xcassets in Resources */,
				8B9E028428A7FC3A00DC639D /* ApiKeys.plist in Resources */,
			);
			runOnlyForDeploymentPostprocessing = 0;
		};
/* End PBXResourcesBuildPhase section */

/* Begin PBXSourcesBuildPhase section */
		8B9E022D28A7FB1900DC639D /* Sources */ = {
			isa = PBXSourcesBuildPhase;
			buildActionMask = 2147483647;
			files = (
				8B9E027328A7FB8C00DC639D /* JSONDecoder + Ext.swift in Sources */,
				8B9E027A28A7FB8C00DC639D /* Constants.swift in Sources */,
				8B9E023528A7FB1900DC639D /* AppDelegate.swift in Sources */,
				8B9E027F28A7FB8C00DC639D /* CandleView.swift in Sources */,
				8B9E027D28A7FB8C00DC639D /* ChartView.swift in Sources */,
				8B9E027528A7FB8C00DC639D /* UIView + Ext.swift in Sources */,
				8B9E026E28A7FB8C00DC639D /* ChartViewStyle.swift in Sources */,
				8B9E027028A7FB8C00DC639D /* ChartStock.swift in Sources */,
				8B9E027628A7FB8C00DC639D /* URL + Ext.swift in Sources */,
				8B9E027128A7FB8C00DC639D /* ChartTimeframe.swift in Sources */,
				8B9E026B28A7FB8C00DC639D /* DetailViewModel.swift in Sources */,
				8B9E026D28A7FB8C00DC639D /* DataSource.swift in Sources */,
				8B9E027B28A7FB8C00DC639D /* ChartDataSourceConverter.swift in Sources */,
				8B9E027C28A7FB8C00DC639D /* InfoTableViewCell.swift in Sources */,
				8B9E027428A7FB8C00DC639D /* ChartCandle + Ext.swift in Sources */,
				8B9E027E28A7FB8C00DC639D /* LoadingViewController.swift in Sources */,
				8B9E027928A7FB8C00DC639D /* DetailViewController + DataSource.swift in Sources */,
				8B9E026C28A7FB8C00DC639D /* URLManager.swift in Sources */,
				8B9E027228A7FB8C00DC639D /* UIViewController + Ext.swift in Sources */,
				8B9E028328A7FC3A00DC639D /* NetworkingManager.swift in Sources */,
				8B9E027828A7FB8C00DC639D /* DetailViewController + Delegate.swift in Sources */,
				8B9E026F28A7FB8C00DC639D /* ChartCandle.swift in Sources */,
				8B9E027728A7FB8C00DC639D /* DetailViewController.swift in Sources */,
			);
			runOnlyForDeploymentPostprocessing = 0;
		};
/* End PBXSourcesBuildPhase section */

/* Begin PBXVariantGroup section */
		8B9E023F28A7FB1A00DC639D /* LaunchScreen.storyboard */ = {
			isa = PBXVariantGroup;
			children = (
				8B9E024028A7FB1A00DC639D /* Base */,
			);
			name = LaunchScreen.storyboard;
			sourceTree = "<group>";
		};
/* End PBXVariantGroup section */

/* Begin XCBuildConfiguration section */
		8B9E024328A7FB1A00DC639D /* Debug */ = {
			isa = XCBuildConfiguration;
			buildSettings = {
				ALWAYS_SEARCH_USER_PATHS = NO;
				CLANG_ANALYZER_NONNULL = YES;
				CLANG_ANALYZER_NUMBER_OBJECT_CONVERSION = YES_AGGRESSIVE;
				CLANG_CXX_LANGUAGE_STANDARD = "gnu++17";
				CLANG_ENABLE_MODULES = YES;
				CLANG_ENABLE_OBJC_ARC = YES;
				CLANG_ENABLE_OBJC_WEAK = YES;
				CLANG_WARN_BLOCK_CAPTURE_AUTORELEASING = YES;
				CLANG_WARN_BOOL_CONVERSION = YES;
				CLANG_WARN_COMMA = YES;
				CLANG_WARN_CONSTANT_CONVERSION = YES;
				CLANG_WARN_DEPRECATED_OBJC_IMPLEMENTATIONS = YES;
				CLANG_WARN_DIRECT_OBJC_ISA_USAGE = YES_ERROR;
				CLANG_WARN_DOCUMENTATION_COMMENTS = YES;
				CLANG_WARN_EMPTY_BODY = YES;
				CLANG_WARN_ENUM_CONVERSION = YES;
				CLANG_WARN_INFINITE_RECURSION = YES;
				CLANG_WARN_INT_CONVERSION = YES;
				CLANG_WARN_NON_LITERAL_NULL_CONVERSION = YES;
				CLANG_WARN_OBJC_IMPLICIT_RETAIN_SELF = YES;
				CLANG_WARN_OBJC_LITERAL_CONVERSION = YES;
				CLANG_WARN_OBJC_ROOT_CLASS = YES_ERROR;
				CLANG_WARN_QUOTED_INCLUDE_IN_FRAMEWORK_HEADER = YES;
				CLANG_WARN_RANGE_LOOP_ANALYSIS = YES;
				CLANG_WARN_STRICT_PROTOTYPES = YES;
				CLANG_WARN_SUSPICIOUS_MOVE = YES;
				CLANG_WARN_UNGUARDED_AVAILABILITY = YES_AGGRESSIVE;
				CLANG_WARN_UNREACHABLE_CODE = YES;
				CLANG_WARN__DUPLICATE_METHOD_MATCH = YES;
				COPY_PHASE_STRIP = NO;
				DEBUG_INFORMATION_FORMAT = dwarf;
				ENABLE_STRICT_OBJC_MSGSEND = YES;
				ENABLE_TESTABILITY = YES;
				GCC_C_LANGUAGE_STANDARD = gnu11;
				GCC_DYNAMIC_NO_PIC = NO;
				GCC_NO_COMMON_BLOCKS = YES;
				GCC_OPTIMIZATION_LEVEL = 0;
				GCC_PREPROCESSOR_DEFINITIONS = (
					"DEBUG=1",
					"$(inherited)",
				);
				GCC_WARN_64_TO_32_BIT_CONVERSION = YES;
				GCC_WARN_ABOUT_RETURN_TYPE = YES_ERROR;
				GCC_WARN_UNDECLARED_SELECTOR = YES;
				GCC_WARN_UNINITIALIZED_AUTOS = YES_AGGRESSIVE;
				GCC_WARN_UNUSED_FUNCTION = YES;
				GCC_WARN_UNUSED_VARIABLE = YES;
				IPHONEOS_DEPLOYMENT_TARGET = 15.5;
				MTL_ENABLE_DEBUG_INFO = INCLUDE_SOURCE;
				MTL_FAST_MATH = YES;
				ONLY_ACTIVE_ARCH = YES;
				SDKROOT = iphoneos;
				SWIFT_ACTIVE_COMPILATION_CONDITIONS = DEBUG;
				SWIFT_OPTIMIZATION_LEVEL = "-Onone";
			};
			name = Debug;
		};
		8B9E024428A7FB1A00DC639D /* Release */ = {
			isa = XCBuildConfiguration;
			buildSettings = {
				ALWAYS_SEARCH_USER_PATHS = NO;
				CLANG_ANALYZER_NONNULL = YES;
				CLANG_ANALYZER_NUMBER_OBJECT_CONVERSION = YES_AGGRESSIVE;
				CLANG_CXX_LANGUAGE_STANDARD = "gnu++17";
				CLANG_ENABLE_MODULES = YES;
				CLANG_ENABLE_OBJC_ARC = YES;
				CLANG_ENABLE_OBJC_WEAK = YES;
				CLANG_WARN_BLOCK_CAPTURE_AUTORELEASING = YES;
				CLANG_WARN_BOOL_CONVERSION = YES;
				CLANG_WARN_COMMA = YES;
				CLANG_WARN_CONSTANT_CONVERSION = YES;
				CLANG_WARN_DEPRECATED_OBJC_IMPLEMENTATIONS = YES;
				CLANG_WARN_DIRECT_OBJC_ISA_USAGE = YES_ERROR;
				CLANG_WARN_DOCUMENTATION_COMMENTS = YES;
				CLANG_WARN_EMPTY_BODY = YES;
				CLANG_WARN_ENUM_CONVERSION = YES;
				CLANG_WARN_INFINITE_RECURSION = YES;
				CLANG_WARN_INT_CONVERSION = YES;
				CLANG_WARN_NON_LITERAL_NULL_CONVERSION = YES;
				CLANG_WARN_OBJC_IMPLICIT_RETAIN_SELF = YES;
				CLANG_WARN_OBJC_LITERAL_CONVERSION = YES;
				CLANG_WARN_OBJC_ROOT_CLASS = YES_ERROR;
				CLANG_WARN_QUOTED_INCLUDE_IN_FRAMEWORK_HEADER = YES;
				CLANG_WARN_RANGE_LOOP_ANALYSIS = YES;
				CLANG_WARN_STRICT_PROTOTYPES = YES;
				CLANG_WARN_SUSPICIOUS_MOVE = YES;
				CLANG_WARN_UNGUARDED_AVAILABILITY = YES_AGGRESSIVE;
				CLANG_WARN_UNREACHABLE_CODE = YES;
				CLANG_WARN__DUPLICATE_METHOD_MATCH = YES;
				COPY_PHASE_STRIP = NO;
				DEBUG_INFORMATION_FORMAT = "dwarf-with-dsym";
				ENABLE_NS_ASSERTIONS = NO;
				ENABLE_STRICT_OBJC_MSGSEND = YES;
				GCC_C_LANGUAGE_STANDARD = gnu11;
				GCC_NO_COMMON_BLOCKS = YES;
				GCC_WARN_64_TO_32_BIT_CONVERSION = YES;
				GCC_WARN_ABOUT_RETURN_TYPE = YES_ERROR;
				GCC_WARN_UNDECLARED_SELECTOR = YES;
				GCC_WARN_UNINITIALIZED_AUTOS = YES_AGGRESSIVE;
				GCC_WARN_UNUSED_FUNCTION = YES;
				GCC_WARN_UNUSED_VARIABLE = YES;
				IPHONEOS_DEPLOYMENT_TARGET = 15.5;
				MTL_ENABLE_DEBUG_INFO = NO;
				MTL_FAST_MATH = YES;
				SDKROOT = iphoneos;
				SWIFT_COMPILATION_MODE = wholemodule;
				SWIFT_OPTIMIZATION_LEVEL = "-O";
				VALIDATE_PRODUCT = YES;
			};
			name = Release;
		};
		8B9E024628A7FB1A00DC639D /* Debug */ = {
			isa = XCBuildConfiguration;
			buildSettings = {
				ASSETCATALOG_COMPILER_APPICON_NAME = AppIcon;
				ASSETCATALOG_COMPILER_GLOBAL_ACCENT_COLOR_NAME = AccentColor;
				CODE_SIGN_STYLE = Automatic;
				CURRENT_PROJECT_VERSION = 1;
				DEVELOPMENT_TEAM = X954LPBPCP;
				GENERATE_INFOPLIST_FILE = YES;
				INFOPLIST_FILE = "Chart Example/Info.plist";
				INFOPLIST_KEY_UIApplicationSupportsIndirectInputEvents = YES;
				INFOPLIST_KEY_UILaunchStoryboardName = LaunchScreen;
				INFOPLIST_KEY_UISupportedInterfaceOrientations = UIInterfaceOrientationPortrait;
				INFOPLIST_KEY_UISupportedInterfaceOrientations_iPad = "UIInterfaceOrientationPortrait UIInterfaceOrientationPortraitUpsideDown UIInterfaceOrientationLandscapeLeft UIInterfaceOrientationLandscapeRight";
				INFOPLIST_KEY_UISupportedInterfaceOrientations_iPhone = "UIInterfaceOrientationPortrait UIInterfaceOrientationLandscapeLeft UIInterfaceOrientationLandscapeRight";
				IPHONEOS_DEPLOYMENT_TARGET = 14.0;
				LD_RUNPATH_SEARCH_PATHS = (
					"$(inherited)",
					"@executable_path/Frameworks",
				);
				MARKETING_VERSION = 1.0;
				PRODUCT_BUNDLE_IDENTIFIER = "Home.Chart-Example";
				PRODUCT_NAME = "$(TARGET_NAME)";
				SWIFT_EMIT_LOC_STRINGS = YES;
				SWIFT_VERSION = 5.0;
				TARGETED_DEVICE_FAMILY = 1;
			};
			name = Debug;
		};
		8B9E024728A7FB1A00DC639D /* Release */ = {
			isa = XCBuildConfiguration;
			buildSettings = {
				ASSETCATALOG_COMPILER_APPICON_NAME = AppIcon;
				ASSETCATALOG_COMPILER_GLOBAL_ACCENT_COLOR_NAME = AccentColor;
				CODE_SIGN_STYLE = Automatic;
				CURRENT_PROJECT_VERSION = 1;
				DEVELOPMENT_TEAM = X954LPBPCP;
				GENERATE_INFOPLIST_FILE = YES;
				INFOPLIST_FILE = "Chart Example/Info.plist";
				INFOPLIST_KEY_UIApplicationSupportsIndirectInputEvents = YES;
				INFOPLIST_KEY_UILaunchStoryboardName = LaunchScreen;
				INFOPLIST_KEY_UISupportedInterfaceOrientations = UIInterfaceOrientationPortrait;
				INFOPLIST_KEY_UISupportedInterfaceOrientations_iPad = "UIInterfaceOrientationPortrait UIInterfaceOrientationPortraitUpsideDown UIInterfaceOrientationLandscapeLeft UIInterfaceOrientationLandscapeRight";
				INFOPLIST_KEY_UISupportedInterfaceOrientations_iPhone = "UIInterfaceOrientationPortrait UIInterfaceOrientationLandscapeLeft UIInterfaceOrientationLandscapeRight";
				IPHONEOS_DEPLOYMENT_TARGET = 14.0;
				LD_RUNPATH_SEARCH_PATHS = (
					"$(inherited)",
					"@executable_path/Frameworks",
				);
				MARKETING_VERSION = 1.0;
				PRODUCT_BUNDLE_IDENTIFIER = "Home.Chart-Example";
				PRODUCT_NAME = "$(TARGET_NAME)";
				SWIFT_EMIT_LOC_STRINGS = YES;
				SWIFT_VERSION = 5.0;
				TARGETED_DEVICE_FAMILY = 1;
			};
			name = Release;
		};
/* End XCBuildConfiguration section */

/* Begin XCConfigurationList section */
		8B9E022C28A7FB1900DC639D /* Build configuration list for PBXProject "Chart Example" */ = {
			isa = XCConfigurationList;
			buildConfigurations = (
				8B9E024328A7FB1A00DC639D /* Debug */,
				8B9E024428A7FB1A00DC639D /* Release */,
			);
			defaultConfigurationIsVisible = 0;
			defaultConfigurationName = Release;
		};
		8B9E024528A7FB1A00DC639D /* Build configuration list for PBXNativeTarget "Chart Example" */ = {
			isa = XCConfigurationList;
			buildConfigurations = (
				8B9E024628A7FB1A00DC639D /* Debug */,
				8B9E024728A7FB1A00DC639D /* Release */,
			);
			defaultConfigurationIsVisible = 0;
			defaultConfigurationName = Release;
		};
/* End XCConfigurationList section */
	};
	rootObject = 8B9E022928A7FB1900DC639D /* Project object */;
}
